
Microsoft Visual Studio Solution File, Format Version 12.00
# Visual Studio Version 18
VisualStudioVersion = 18.10.12201.205 stable
MinimumVisualStudioVersion = 10.0.40219.1
Project("{9A19103F-16F7-4668-BE54-9A1E7A4F7556}") = "UMapx.Video.Windows", "sources\UMapx.Video.Windows.csproj", "{127C4EA5-31F8-429A-AE56-157ECE7AB0E4}"
EndProject
Project("{FAE04EC0-301F-11D3-BF4B-00C04F79EFBC}") = "UMapx.Video.Windows.Tests", "tests\UMapx.Video.Windows.Tests.csproj", "{CE2874B8-E785-8A20-F42E-13A88D1A7C6C}"
EndProject
Global
	GlobalSection(SolutionConfigurationPlatforms) = preSolution
		Debug|Any CPU = Debug|Any CPU
		Release|Any CPU = Release|Any CPU
	EndGlobalSection
	GlobalSection(ProjectConfigurationPlatforms) = postSolution
		{127C4EA5-31F8-429A-AE56-157ECE7AB0E4}.Debug|Any CPU.ActiveCfg = Debug|Any CPU
		{127C4EA5-31F8-429A-AE56-157ECE7AB0E4}.Debug|Any CPU.Build.0 = Debug|Any CPU
		{127C4EA5-31F8-429A-AE56-157ECE7AB0E4}.Release|Any CPU.ActiveCfg = Release|Any CPU
		{127C4EA5-31F8-429A-AE56-157ECE7AB0E4}.Release|Any CPU.Build.0 = Release|Any CPU
		{CE2874B8-E785-8A20-F42E-13A88D1A7C6C}.Debug|Any CPU.ActiveCfg = Debug|Any CPU
		{CE2874B8-E785-8A20-F42E-13A88D1A7C6C}.Debug|Any CPU.Build.0 = Debug|Any CPU
		{CE2874B8-E785-8A20-F42E-13A88D1A7C6C}.Release|Any CPU.ActiveCfg = Release|Any CPU
		{CE2874B8-E785-8A20-F42E-13A88D1A7C6C}.Release|Any CPU.Build.0 = Release|Any CPU
	EndGlobalSection
	GlobalSection(SolutionProperties) = preSolution
		HideSolutionNode = FALSE
	EndGlobalSection
	GlobalSection(ExtensibilityGlobals) = postSolution
		SolutionGuid = {79E8930F-D401-4EA8-B9D5-B359FDAA12B9}
	EndGlobalSection
EndGlobal
